
Microsoft Visual Studio Solution File, Format Version 12.00
# Visual Studio 2012
Project("{FAE04EC0-301F-11D3-BF4B-00C04F79EFBC}") = "Insights", "Insights\Insights.csproj", "{84EA5C29-0778-43BA-BD08-6B621D5ECFE9}"
EndProject
Project("{FAE04EC0-301F-11D3-BF4B-00C04F79EFBC}") = "Insights.iOS", "Insights.iOS\Insights.iOS.csproj", "{799147FA-FAF4-4A8A-9F99-884D5665E7AE}"
EndProject
Global
	GlobalSection(SolutionConfigurationPlatforms) = preSolution
		Debug|Any CPU = Debug|Any CPU
		Release|Any CPU = Release|Any CPU
		Debug|iPhoneSimulator = Debug|iPhoneSimulator
		Release|iPhone = Release|iPhone
		Release|iPhoneSimulator = Release|iPhoneSimulator
		Debug|iPhone = Debug|iPhone
	EndGlobalSection
	GlobalSection(ProjectConfigurationPlatforms) = postSolution
		{799147FA-FAF4-4A8A-9F99-884D5665E7AE}.Debug|Any CPU.ActiveCfg = Debug|iPhoneSimulator
		{799147FA-FAF4-4A8A-9F99-884D5665E7AE}.Debug|Any CPU.Build.0 = Debug|iPhoneSimulator
		{799147FA-FAF4-4A8A-9F99-884D5665E7AE}.Debug|iPhone.ActiveCfg = Debug|iPhone
		{799147FA-FAF4-4A8A-9F99-884D5665E7AE}.Debug|iPhone.Build.0 = Debug|iPhone
		{799147FA-FAF4-4A8A-9F99-884D5665E7AE}.Debug|iPhoneSimulator.ActiveCfg = Debug|iPhoneSimulator
		{799147FA-FAF4-4A8A-9F99-884D5665E7AE}.Debug|iPhoneSimulator.Build.0 = Debug|iPhoneSimulator
		{799147FA-FAF4-4A8A-9F99-884D5665E7AE}.Release|Any CPU.ActiveCfg = Release|iPhone
		{799147FA-FAF4-4A8A-9F99-884D5665E7AE}.Release|Any CPU.Build.0 = Release|iPhone
		{799147FA-FAF4-4A8A-9F99-884D5665E7AE}.Release|iPhone.ActiveCfg = Release|iPhone
		{799147FA-FAF4-4A8A-9F99-884D5665E7AE}.Release|iPhone.Build.0 = Release|iPhone
		{799147FA-FAF4-4A8A-9F99-884D5665E7AE}.Release|iPhoneSimulator.ActiveCfg = Release|iPhoneSimulator
		{799147FA-FAF4-4A8A-9F99-884D5665E7AE}.Release|iPhoneSimulator.Build.0 = Release|iPhoneSimulator
		{84EA5C29-0778-43BA-BD08-6B621D5ECFE9}.Debug|Any CPU.ActiveCfg = Debug|Any CPU
		{84EA5C29-0778-43BA-BD08-6B621D5ECFE9}.Debug|Any CPU.Build.0 = Debug|Any CPU
		{84EA5C29-0778-43BA-BD08-6B621D5ECFE9}.Debug|iPhone.ActiveCfg = Debug|Any CPU
		{84EA5C29-0778-43BA-BD08-6B621D5ECFE9}.Debug|iPhone.Build.0 = Debug|Any CPU
		{84EA5C29-0778-43BA-BD08-6B621D5ECFE9}.Debug|iPhoneSimulator.ActiveCfg = Debug|Any CPU
		{84EA5C29-0778-43BA-BD08-6B621D5ECFE9}.Debug|iPhoneSimulator.Build.0 = Debug|Any CPU
		{84EA5C29-0778-43BA-BD08-6B621D5ECFE9}.Release|Any CPU.ActiveCfg = Release|Any CPU
		{84EA5C29-0778-43BA-BD08-6B621D5ECFE9}.Release|Any CPU.Build.0 = Release|Any CPU
		{84EA5C29-0778-43BA-BD08-6B621D5ECFE9}.Release|iPhone.ActiveCfg = Release|Any CPU
		{84EA5C29-0778-43BA-BD08-6B621D5ECFE9}.Release|iPhone.Build.0 = Release|Any CPU
		{84EA5C29-0778-43BA-BD08-6B621D5ECFE9}.Release|iPhoneSimulator.ActiveCfg = Release|Any CPU
		{84EA5C29-0778-43BA-BD08-6B621D5ECFE9}.Release|iPhoneSimulator.Build.0 = Release|Any CPU
	EndGlobalSection
EndGlobal
